
Microsoft Visual Studio Solution File, Format Version 12.00
# Visual Studio 15
VisualStudioVersion = 15.0.27703.2042
MinimumVisualStudioVersion = 10.0.40219.1
Project("{FAE04EC0-301F-11D3-BF4B-00C04F79EFBC}") = "Multi.Tenanat.App", "Multi.Tenanat.App\Multi.Tenanat.App.csproj", "{65E40B47-A7FE-4D4F-BEC0-201B8EEAD116}"
EndProject
Project("{FAE04EC0-301F-11D3-BF4B-00C04F79EFBC}") = "Multi.Tenant.Domain", "Multi.Tenant.Domain\Multi.Tenant.Domain.csproj", "{5293114B-F958-4ED7-93D7-BA68045B9CD3}"
EndProject
Project("{FAE04EC0-301F-11D3-BF4B-00C04F79EFBC}") = "Multi.Tenant.UnitOfWork", "Multi.Tenant.UnitOfWork\Multi.Tenant.UnitOfWork.csproj", "{8A977876-D12F-4C18-A6B7-B0261E2D4EF3}"
EndProject
Global
	GlobalSection(SolutionConfigurationPlatforms) = preSolution
		Debug|Any CPU = Debug|Any CPU
		Release|Any CPU = Release|Any CPU
	EndGlobalSection
	GlobalSection(ProjectConfigurationPlatforms) = postSolution
		{65E40B47-A7FE-4D4F-BEC0-201B8EEAD116}.Debug|Any CPU.ActiveCfg = Debug|Any CPU
		{65E40B47-A7FE-4D4F-BEC0-201B8EEAD116}.Debug|Any CPU.Build.0 = Debug|Any CPU
		{65E40B47-A7FE-4D4F-BEC0-201B8EEAD116}.Release|Any CPU.ActiveCfg = Release|Any CPU
		{65E40B47-A7FE-4D4F-BEC0-201B8EEAD116}.Release|Any CPU.Build.0 = Release|Any CPU
		{5293114B-F958-4ED7-93D7-BA68045B9CD3}.Debug|Any CPU.ActiveCfg = Debug|Any CPU
		{5293114B-F958-4ED7-93D7-BA68045B9CD3}.Debug|Any CPU.Build.0 = Debug|Any CPU
		{5293114B-F958-4ED7-93D7-BA68045B9CD3}.Release|Any CPU.ActiveCfg = Release|Any CPU
		{5293114B-F958-4ED7-93D7-BA68045B9CD3}.Release|Any CPU.Build.0 = Release|Any CPU
		{8A977876-D12F-4C18-A6B7-B0261E2D4EF3}.Debug|Any CPU.ActiveCfg = Debug|Any CPU
		{8A977876-D12F-4C18-A6B7-B0261E2D4EF3}.Debug|Any CPU.Build.0 = Debug|Any CPU
		{8A977876-D12F-4C18-A6B7-B0261E2D4EF3}.Release|Any CPU.ActiveCfg = Release|Any CPU
		{8A977876-D12F-4C18-A6B7-B0261E2D4EF3}.Release|Any CPU.Build.0 = Release|Any CPU
	EndGlobalSection
	GlobalSection(SolutionProperties) = preSolution
		HideSolutionNode = FALSE
	EndGlobalSection
	GlobalSection(ExtensibilityGlobals) = postSolution
		SolutionGuid = {BBCA5EE6-0A61-4E97-9407-2F8989E05DF3}
	EndGlobalSection
EndGlobal
